// !$*UTF8*$!
{
	archiveVersion = 1;
	classes = {
	};
	objectVersion = 48;
	objects = {

/* Begin PBXBuildFile section */
		4D5D6D827D0DE21BF1476372 /* Pods_DemoSwiftInstagram.framework in Frameworks */ = {isa = PBXBuildFile; fileRef = 6BDE85F15B770C5275C30F33 /* Pods_DemoSwiftInstagram.framework */; };
		F214AB1A1F90C73900A8FA3E /* AppDelegate.swift in Sources */ = {isa = PBXBuildFile; fileRef = F214AB191F90C73900A8FA3E /* AppDelegate.swift */; };
		F214AB1C1F90C73900A8FA3E /* MediaViewController.swift in Sources */ = {isa = PBXBuildFile; fileRef = F214AB1B1F90C73900A8FA3E /* MediaViewController.swift */; };
		F214AB1F1F90C73900A8FA3E /* Main.storyboard in Resources */ = {isa = PBXBuildFile; fileRef = F214AB1D1F90C73900A8FA3E /* Main.storyboard */; };
		F214AB211F90C73900A8FA3E /* Assets.xcassets in Resources */ = {isa = PBXBuildFile; fileRef = F214AB201F90C73900A8FA3E /* Assets.xcassets */; };
		F214AB241F90C73900A8FA3E /* LaunchScreen.storyboard in Resources */ = {isa = PBXBuildFile; fileRef = F214AB221F90C73900A8FA3E /* LaunchScreen.storyboard */; };
		F214AB2C1F90CF1600A8FA3E /* InstaMediaTableViewCell.swift in Sources */ = {isa = PBXBuildFile; fileRef = F214AB2B1F90CF1600A8FA3E /* InstaMediaTableViewCell.swift */; };
		F214AB2E1F90DF1C00A8FA3E /* ModulsTableViewController.swift in Sources */ = {isa = PBXBuildFile; fileRef = F214AB2D1F90DF1C00A8FA3E /* ModulsTableViewController.swift */; };
/* End PBXBuildFile section */

/* Begin PBXFileReference section */
		6BDE85F15B770C5275C30F33 /* Pods_DemoSwiftInstagram.framework */ = {isa = PBXFileReference; explicitFileType = wrapper.framework; includeInIndex = 0; path = Pods_DemoSwiftInstagram.framework; sourceTree = BUILT_PRODUCTS_DIR; };
		9AB4CD2DD28D0044721E0186 /* Pods-DemoSwiftInstagram.debug.xcconfig */ = {isa = PBXFileReference; includeInIndex = 1; lastKnownFileType = text.xcconfig; name = "Pods-DemoSwiftInstagram.debug.xcconfig"; path = "Pods/Target Support Files/Pods-DemoSwiftInstagram/Pods-DemoSwiftInstagram.debug.xcconfig"; sourceTree = "<group>"; };
		CD79699B82CDAA9AA87AF3DF /* Pods-DemoSwiftInstagram.release.xcconfig */ = {isa = PBXFileReference; includeInIndex = 1; lastKnownFileType = text.xcconfig; name = "Pods-DemoSwiftInstagram.release.xcconfig"; path = "Pods/Target Support Files/Pods-DemoSwiftInstagram/Pods-DemoSwiftInstagram.release.xcconfig"; sourceTree = "<group>"; };
		F214AB161F90C73900A8FA3E /* DemoSwiftInstagram.app */ = {isa = PBXFileReference; explicitFileType = wrapper.application; includeInIndex = 0; path = DemoSwiftInstagram.app; sourceTree = BUILT_PRODUCTS_DIR; };
		F214AB191F90C73900A8FA3E /* AppDelegate.swift */ = {isa = PBXFileReference; lastKnownFileType = sourcecode.swift; path = AppDelegate.swift; sourceTree = "<group>"; };
		F214AB1B1F90C73900A8FA3E /* MediaViewController.swift */ = {isa = PBXFileReference; lastKnownFileType = sourcecode.swift; path = MediaViewController.swift; sourceTree = "<group>"; };
		F214AB1E1F90C73900A8FA3E /* Base */ = {isa = PBXFileReference; lastKnownFileType = file.storyboard; name = Base; path = Base.lproj/Main.storyboard; sourceTree = "<group>"; };
		F214AB201F90C73900A8FA3E /* Assets.xcassets */ = {isa = PBXFileReference; lastKnownFileType = folder.assetcatalog; path = Assets.xcassets; sourceTree = "<group>"; };
		F214AB231F90C73900A8FA3E /* Base */ = {isa = PBXFileReference; lastKnownFileType = file.storyboard; name = Base; path = Base.lproj/LaunchScreen.storyboard; sourceTree = "<group>"; };
		F214AB251F90C73900A8FA3E /* Info.plist */ = {isa = PBXFileReference; lastKnownFileType = text.plist.xml; path = Info.plist; sourceTree = "<group>"; };
		F214AB2B1F90CF1600A8FA3E /* InstaMediaTableViewCell.swift */ = {isa = PBXFileReference; lastKnownFileType = sourcecode.swift; path = InstaMediaTableViewCell.swift; sourceTree = "<group>"; };
		F214AB2D1F90DF1C00A8FA3E /* ModulsTableViewController.swift */ = {isa = PBXFileReference; lastKnownFileType = sourcecode.swift; path = ModulsTableViewController.swift; sourceTree = "<group>"; };
/* End PBXFileReference section */

/* Begin PBXFrameworksBuildPhase section */
		F214AB131F90C73900A8FA3E /* Frameworks */ = {
			isa = PBXFrameworksBuildPhase;
			buildActionMask = 2147483647;
			files = (
				4D5D6D827D0DE21BF1476372 /* Pods_DemoSwiftInstagram.framework in Frameworks */,
			);
			runOnlyForDeploymentPostprocessing = 0;
		};
/* End PBXFrameworksBuildPhase section */

/* Begin PBXGroup section */
		65F3BC98DB6E98B94DF3B30F /* Frameworks */ = {
			isa = PBXGroup;
			children = (
				6BDE85F15B770C5275C30F33 /* Pods_DemoSwiftInstagram.framework */,
			);
			name = Frameworks;
			sourceTree = "<group>";
		};
		DDFB75389D65EA1E730300AB /* Pods */ = {
			isa = PBXGroup;
			children = (
				9AB4CD2DD28D0044721E0186 /* Pods-DemoSwiftInstagram.debug.xcconfig */,
				CD79699B82CDAA9AA87AF3DF /* Pods-DemoSwiftInstagram.release.xcconfig */,
			);
			name = Pods;
			sourceTree = "<group>";
		};
		F214AB0D1F90C73900A8FA3E = {
			isa = PBXGroup;
			children = (
				F214AB181F90C73900A8FA3E /* DemoSwiftInstagram */,
				F214AB171F90C73900A8FA3E /* Products */,
				DDFB75389D65EA1E730300AB /* Pods */,
				65F3BC98DB6E98B94DF3B30F /* Frameworks */,
			);
			sourceTree = "<group>";
		};
		F214AB171F90C73900A8FA3E /* Products */ = {
			isa = PBXGroup;
			children = (
				F214AB161F90C73900A8FA3E /* DemoSwiftInstagram.app */,
			);
			name = Products;
			sourceTree = "<group>";
		};
		F214AB181F90C73900A8FA3E /* DemoSwiftInstagram */ = {
			isa = PBXGroup;
			children = (
				F214AB191F90C73900A8FA3E /* AppDelegate.swift */,
				F214AB2D1F90DF1C00A8FA3E /* ModulsTableViewController.swift */,
				F214AB1B1F90C73900A8FA3E /* MediaViewController.swift */,
				F214AB2B1F90CF1600A8FA3E /* InstaMediaTableViewCell.swift */,
				F214AB1D1F90C73900A8FA3E /* Main.storyboard */,
				F214AB201F90C73900A8FA3E /* Assets.xcassets */,
				F214AB221F90C73900A8FA3E /* LaunchScreen.storyboard */,
				F214AB251F90C73900A8FA3E /* Info.plist */,
			);
			path = DemoSwiftInstagram;
			sourceTree = "<group>";
		};
/* End PBXGroup section */

/* Begin PBXNativeTarget section */
		F214AB151F90C73900A8FA3E /* DemoSwiftInstagram */ = {
			isa = PBXNativeTarget;
			buildConfigurationList = F214AB281F90C73900A8FA3E /* Build configuration list for PBXNativeTarget "DemoSwiftInstagram" */;
			buildPhases = (
				C778E73485772F72900A840E /* [CP] Check Pods Manifest.lock */,
				F214AB121F90C73900A8FA3E /* Sources */,
				F214AB131F90C73900A8FA3E /* Frameworks */,
				F214AB141F90C73900A8FA3E /* Resources */,
				58CECAD772EF5A7CE6AD8A51 /* [CP] Embed Pods Frameworks */,
				7A5E9AA55AAAADA7811C8F7D /* [CP] Copy Pods Resources */,
			);
			buildRules = (
			);
			dependencies = (
			);
			name = DemoSwiftInstagram;
			productName = DemoSwiftInstagram;
			productReference = F214AB161F90C73900A8FA3E /* DemoSwiftInstagram.app */;
			productType = "com.apple.product-type.application";
		};
/* End PBXNativeTarget section */

/* Begin PBXProject section */
		F214AB0E1F90C73900A8FA3E /* Project object */ = {
			isa = PBXProject;
			attributes = {
				LastSwiftUpdateCheck = 0900;
				LastUpgradeCheck = 0900;
				ORGANIZATIONNAME = "Dzionis Brek";
				TargetAttributes = {
					F214AB151F90C73900A8FA3E = {
						CreatedOnToolsVersion = 9.0;
						ProvisioningStyle = Manual;
					};
				};
			};
			buildConfigurationList = F214AB111F90C73900A8FA3E /* Build configuration list for PBXProject "DemoSwiftInstagram" */;
			compatibilityVersion = "Xcode 8.0";
			developmentRegion = en;
			hasScannedForEncodings = 0;
			knownRegions = (
				en,
				Base,
			);
			mainGroup = F214AB0D1F90C73900A8FA3E;
			productRefGroup = F214AB171F90C73900A8FA3E /* Products */;
			projectDirPath = "";
			projectRoot = "";
			targets = (
				F214AB151F90C73900A8FA3E /* DemoSwiftInstagram */,
			);
		};
/* End PBXProject section */

/* Begin PBXResourcesBuildPhase section */
		F214AB141F90C73900A8FA3E /* Resources */ = {
			isa = PBXResourcesBuildPhase;
			buildActionMask = 2147483647;
			files = (
				F214AB241F90C73900A8FA3E /* LaunchScreen.storyboard in Resources */,
				F214AB211F90C73900A8FA3E /* Assets.xcassets in Resources */,
				F214AB1F1F90C73900A8FA3E /* Main.storyboard in Resources */,
			);
			runOnlyForDeploymentPostprocessing = 0;
		};
/* End PBXResourcesBuildPhase section */

/* Begin PBXShellScriptBuildPhase section */
		58CECAD772EF5A7CE6AD8A51 /* [CP] Embed Pods Frameworks */ = {
			isa = PBXShellScriptBuildPhase;
			buildActionMask = 2147483647;
			files = (
			);
			inputPaths = (
				"${SRCROOT}/Pods/Target Support Files/Pods-DemoSwiftInstagram/Pods-DemoSwiftInstagram-frameworks.sh",
				"${BUILT_PRODUCTS_DIR}/Alamofire/Alamofire.framework",
				"${BUILT_PRODUCTS_DIR}/AlamofireImage/AlamofireImage.framework",
				"${BUILT_PRODUCTS_DIR}/SwiftInstagram/SwiftInstagram.framework",
			);
			name = "[CP] Embed Pods Frameworks";
			outputPaths = (
				"${TARGET_BUILD_DIR}/${FRAMEWORKS_FOLDER_PATH}/Alamofire.framework",
				"${TARGET_BUILD_DIR}/${FRAMEWORKS_FOLDER_PATH}/AlamofireImage.framework",
				"${TARGET_BUILD_DIR}/${FRAMEWORKS_FOLDER_PATH}/SwiftInstagram.framework",
			);
			runOnlyForDeploymentPostprocessing = 0;
			shellPath = /bin/sh;
			shellScript = "\"${SRCROOT}/Pods/Target Support Files/Pods-DemoSwiftInstagram/Pods-DemoSwiftInstagram-frameworks.sh\"\n";
			showEnvVarsInLog = 0;
		};
		7A5E9AA55AAAADA7811C8F7D /* [CP] Copy Pods Resources */ = {
			isa = PBXShellScriptBuildPhase;
			buildActionMask = 2147483647;
			files = (
			);
			inputPaths = (
			);
			name = "[CP] Copy Pods Resources";
			outputPaths = (
			);
			runOnlyForDeploymentPostprocessing = 0;
			shellPath = /bin/sh;
			shellScript = "\"${SRCROOT}/Pods/Target Support Files/Pods-DemoSwiftInstagram/Pods-DemoSwiftInstagram-resources.sh\"\n";
			showEnvVarsInLog = 0;
		};
		C778E73485772F72900A840E /* [CP] Check Pods Manifest.lock */ = {
			isa = PBXShellScriptBuildPhase;
			buildActionMask = 2147483647;
			files = (
			);
			inputPaths = (
				"${PODS_PODFILE_DIR_PATH}/Podfile.lock",
				"${PODS_ROOT}/Manifest.lock",
			);
			name = "[CP] Check Pods Manifest.lock";
			outputPaths = (
				"$(DERIVED_FILE_DIR)/Pods-DemoSwiftInstagram-checkManifestLockResult.txt",
			);
			runOnlyForDeploymentPostprocessing = 0;
			shellPath = /bin/sh;
			shellScript = "diff \"${PODS_PODFILE_DIR_PATH}/Podfile.lock\" \"${PODS_ROOT}/Manifest.lock\" > /dev/null\nif [ $? != 0 ] ; then\n    # print error to STDERR\n    echo \"error: The sandbox is not in sync with the Podfile.lock. Run 'pod install' or update your CocoaPods installation.\" >&2\n    exit 1\nfi\n# This output is used by Xcode 'outputs' to avoid re-running this script phase.\necho \"SUCCESS\" > \"${SCRIPT_OUTPUT_FILE_0}\"\n";
			showEnvVarsInLog = 0;
		};
/* End PBXShellScriptBuildPhase section */

/* Begin PBXSourcesBuildPhase section */
		F214AB121F90C73900A8FA3E /* Sources */ = {
			isa = PBXSourcesBuildPhase;
			buildActionMask = 2147483647;
			files = (
				F214AB1C1F90C73900A8FA3E /* MediaViewController.swift in Sources */,
				F214AB2E1F90DF1C00A8FA3E /* ModulsTableViewController.swift in Sources */,
				F214AB2C1F90CF1600A8FA3E /* InstaMediaTableViewCell.swift in Sources */,
				F214AB1A1F90C73900A8FA3E /* AppDelegate.swift in Sources */,
			);
			runOnlyForDeploymentPostprocessing = 0;
		};
/* End PBXSourcesBuildPhase section */

/* Begin PBXVariantGroup section */
		F214AB1D1F90C73900A8FA3E /* Main.storyboard */ = {
			isa = PBXVariantGroup;
			children = (
				F214AB1E1F90C73900A8FA3E /* Base */,
			);
			name = Main.storyboard;
			sourceTree = "<group>";
		};
		F214AB221F90C73900A8FA3E /* LaunchScreen.storyboard */ = {
			isa = PBXVariantGroup;
			children = (
				F214AB231F90C73900A8FA3E /* Base */,
			);
			name = LaunchScreen.storyboard;
			sourceTree = "<group>";
		};
/* End PBXVariantGroup section */

/* Begin XCBuildConfiguration section */
		F214AB261F90C73900A8FA3E /* Debug */ = {
			isa = XCBuildConfiguration;
			buildSettings = {
				ALWAYS_SEARCH_USER_PATHS = NO;
				CLANG_ANALYZER_NONNULL = YES;
				CLANG_ANALYZER_NUMBER_OBJECT_CONVERSION = YES_AGGRESSIVE;
				CLANG_CXX_LANGUAGE_STANDARD = "gnu++14";
				CLANG_CXX_LIBRARY = "libc++";
				CLANG_ENABLE_MODULES = YES;
				CLANG_ENABLE_OBJC_ARC = YES;
				CLANG_WARN_BLOCK_CAPTURE_AUTORELEASING = YES;
				CLANG_WARN_BOOL_CONVERSION = YES;
				CLANG_WARN_COMMA = YES;
				CLANG_WARN_CONSTANT_CONVERSION = YES;
				CLANG_WARN_DIRECT_OBJC_ISA_USAGE = YES_ERROR;
				CLANG_WARN_DOCUMENTATION_COMMENTS = YES;
				CLANG_WARN_EMPTY_BODY = YES;
				CLANG_WARN_ENUM_CONVERSION = YES;
				CLANG_WARN_INFINITE_RECURSION = YES;
				CLANG_WARN_INT_CONVERSION = YES;
				CLANG_WARN_NON_LITERAL_NULL_CONVERSION = YES;
				CLANG_WARN_OBJC_LITERAL_CONVERSION = YES;
				CLANG_WARN_OBJC_ROOT_CLASS = YES_ERROR;
				CLANG_WARN_RANGE_LOOP_ANALYSIS = YES;
				CLANG_WARN_STRICT_PROTOTYPES = YES;
				CLANG_WARN_SUSPICIOUS_MOVE = YES;
				CLANG_WARN_UNGUARDED_AVAILABILITY = YES_AGGRESSIVE;
				CLANG_WARN_UNREACHABLE_CODE = YES;
				CLANG_WARN__DUPLICATE_METHOD_MATCH = YES;
				CODE_SIGN_IDENTITY = "iPhone Developer";
				COPY_PHASE_STRIP = NO;
				DEBUG_INFORMATION_FORMAT = dwarf;
				ENABLE_STRICT_OBJC_MSGSEND = YES;
				ENABLE_TESTABILITY = YES;
				GCC_C_LANGUAGE_STANDARD = gnu11;
				GCC_DYNAMIC_NO_PIC = NO;
				GCC_NO_COMMON_BLOCKS = YES;
				GCC_OPTIMIZATION_LEVEL = 0;
				GCC_PREPROCESSOR_DEFINITIONS = (
					"DEBUG=1",
					"$(inherited)",
				);
				GCC_WARN_64_TO_32_BIT_CONVERSION = YES;
				GCC_WARN_ABOUT_RETURN_TYPE = YES_ERROR;
				GCC_WARN_UNDECLARED_SELECTOR = YES;
				GCC_WARN_UNINITIALIZED_AUTOS = YES_AGGRESSIVE;
				GCC_WARN_UNUSED_FUNCTION = YES;
				GCC_WARN_UNUSED_VARIABLE = YES;
				IPHONEOS_DEPLOYMENT_TARGET = 11.0;
				MTL_ENABLE_DEBUG_INFO = YES;
				ONLY_ACTIVE_ARCH = YES;
				SDKROOT = iphoneos;
				SWIFT_ACTIVE_COMPILATION_CONDITIONS = DEBUG;
				SWIFT_OPTIMIZATION_LEVEL = "-Onone";
			};
			name = Debug;
		};
		F214AB271F90C73900A8FA3E /* Release */ = {
			isa = XCBuildConfiguration;
			buildSettings = {
				ALWAYS_SEARCH_USER_PATHS = NO;
				CLANG_ANALYZER_NONNULL = YES;
				CLANG_ANALYZER_NUMBER_OBJECT_CONVERSION = YES_AGGRESSIVE;
				CLANG_CXX_LANGUAGE_STANDARD = "gnu++14";
				CLANG_CXX_LIBRARY = "libc++";
				CLANG_ENABLE_MODULES = YES;
				CLANG_ENABLE_OBJC_ARC = YES;
				CLANG_WARN_BLOCK_CAPTURE_AUTORELEASING = YES;
				CLANG_WARN_BOOL_CONVERSION = YES;
				CLANG_WARN_COMMA = YES;
				CLANG_WARN_CONSTANT_CONVERSION = YES;
				CLANG_WARN_DIRECT_OBJC_ISA_USAGE = YES_ERROR;
				CLANG_WARN_DOCUMENTATION_COMMENTS = YES;
				CLANG_WARN_EMPTY_BODY = YES;
				CLANG_WARN_ENUM_CONVERSION = YES;
				CLANG_WARN_INFINITE_RECURSION = YES;
				CLANG_WARN_INT_CONVERSION = YES;
				CLANG_WARN_NON_LITERAL_NULL_CONVERSION = YES;
				CLANG_WARN_OBJC_LITERAL_CONVERSION = YES;
				CLANG_WARN_OBJC_ROOT_CLASS = YES_ERROR;
				CLANG_WARN_RANGE_LOOP_ANALYSIS = YES;
				CLANG_WARN_STRICT_PROTOTYPES = YES;
				CLANG_WARN_SUSPICIOUS_MOVE = YES;
				CLANG_WARN_UNGUARDED_AVAILABILITY = YES_AGGRESSIVE;
				CLANG_WARN_UNREACHABLE_CODE = YES;
				CLANG_WARN__DUPLICATE_METHOD_MATCH = YES;
				CODE_SIGN_IDENTITY = "iPhone Developer";
				COPY_PHASE_STRIP = NO;
				DEBUG_INFORMATION_FORMAT = "dwarf-with-dsym";
				ENABLE_NS_ASSERTIONS = NO;
				ENABLE_STRICT_OBJC_MSGSEND = YES;
				GCC_C_LANGUAGE_STANDARD = gnu11;
				GCC_NO_COMMON_BLOCKS = YES;
				GCC_WARN_64_TO_32_BIT_CONVERSION = YES;
				GCC_WARN_ABOUT_RETURN_TYPE = YES_ERROR;
				GCC_WARN_UNDECLARED_SELECTOR = YES;
				GCC_WARN_UNINITIALIZED_AUTOS = YES_AGGRESSIVE;
				GCC_WARN_UNUSED_FUNCTION = YES;
				GCC_WARN_UNUSED_VARIABLE = YES;
				IPHONEOS_DEPLOYMENT_TARGET = 11.0;
				MTL_ENABLE_DEBUG_INFO = NO;
				SDKROOT = iphoneos;
				SWIFT_OPTIMIZATION_LEVEL = "-Owholemodule";
				VALIDATE_PRODUCT = YES;
			};
			name = Release;
		};
		F214AB291F90C73900A8FA3E /* Debug */ = {
			isa = XCBuildConfiguration;
			baseConfigurationReference = 9AB4CD2DD28D0044721E0186 /* Pods-DemoSwiftInstagram.debug.xcconfig */;
			buildSettings = {
				ASSETCATALOG_COMPILER_APPICON_NAME = AppIcon;
				CODE_SIGN_STYLE = Manual;
				DEVELOPMENT_TEAM = K9DB44ZTV5;
				INFOPLIST_FILE = DemoSwiftInstagram/Info.plist;
				LD_RUNPATH_SEARCH_PATHS = "$(inherited) @executable_path/Frameworks";
				PRODUCT_BUNDLE_IDENTIFIER = com.dzionis.DemoSwiftInstagram;
				PRODUCT_NAME = "$(TARGET_NAME)";
				PROVISIONING_PROFILE = "4ddac604-b525-4fa8-95e4-770fd2b43020";
				PROVISIONING_PROFILE_SPECIFIER = "ES Developers";
				SWIFT_VERSION = 4.0;
				TARGETED_DEVICE_FAMILY = "1,2";
			};
			name = Debug;
		};
		F214AB2A1F90C73900A8FA3E /* Release */ = {
			isa = XCBuildConfiguration;
			baseConfigurationReference = CD79699B82CDAA9AA87AF3DF /* Pods-DemoSwiftInstagram.release.xcconfig */;
			buildSettings = {
				ASSETCATALOG_COMPILER_APPICON_NAME = AppIcon;
				CODE_SIGN_STYLE = Manual;
				DEVELOPMENT_TEAM = "";
				INFOPLIST_FILE = DemoSwiftInstagram/Info.plist;
				LD_RUNPATH_SEARCH_PATHS = "$(inherited) @executable_path/Frameworks";
				PRODUCT_BUNDLE_IDENTIFIER = com.dzionis.DemoSwiftInstagram;
				PRODUCT_NAME = "$(TARGET_NAME)";
				PROVISIONING_PROFILE_SPECIFIER = "";
				SWIFT_VERSION = 4.0;
				TARGETED_DEVICE_FAMILY = "1,2";
			};
			name = Release;
		};
/* End XCBuildConfiguration section */

/* Begin XCConfigurationList section */
		F214AB111F90C73900A8FA3E /* Build configuration list for PBXProject "DemoSwiftInstagram" */ = {
			isa = XCConfigurationList;
			buildConfigurations = (
				F214AB261F90C73900A8FA3E /* Debug */,
				F214AB271F90C73900A8FA3E /* Release */,
			);
			defaultConfigurationIsVisible = 0;
			defaultConfigurationName = Release;
		};
		F214AB281F90C73900A8FA3E /* Build configuration list for PBXNativeTarget "DemoSwiftInstagram" */ = {
			isa = XCConfigurationList;
			buildConfigurations = (
				F214AB291F90C73900A8FA3E /* Debug */,
				F214AB2A1F90C73900A8FA3E /* Release */,
			);
			defaultConfigurationIsVisible = 0;
			defaultConfigurationName = Release;
		};
/* End XCConfigurationList section */
	};
	rootObject = F214AB0E1F90C73900A8FA3E /* Project object */;
}
